
Microsoft Visual Studio Solution File, Format Version 12.00
# Visual Studio 15
Project("{FAE04EC0-301F-11D3-BF4B-00C04F79EFBC}") = "Assembly-CSharp", "Assembly-CSharp.csproj", "{BC72429B-84E4-C88F-BFC8-C45E51AA32D7}"
EndProject
Project("{FAE04EC0-301F-11D3-BF4B-00C04F79EFBC}") = "Assembly-CSharp-Editor", "Assembly-CSharp-Editor.csproj", "{80D206BF-F357-3716-E79E-BC209FF39420}"
EndProject
Global
	GlobalSection(SolutionConfigurationPlatforms) = preSolution
		Debug|Any CPU = Debug|Any CPU
		Release|Any CPU = Release|Any CPU
	EndGlobalSection
	GlobalSection(ProjectConfigurationPlatforms) = postSolution
		{BC72429B-84E4-C88F-BFC8-C45E51AA32D7}.Debug|Any CPU.ActiveCfg = Debug|Any CPU
		{BC72429B-84E4-C88F-BFC8-C45E51AA32D7}.Debug|Any CPU.Build.0 = Debug|Any CPU
		{BC72429B-84E4-C88F-BFC8-C45E51AA32D7}.Release|Any CPU.ActiveCfg = Release|Any CPU
		{BC72429B-84E4-C88F-BFC8-C45E51AA32D7}.Release|Any CPU.Build.0 = Release|Any CPU
		{80D206BF-F357-3716-E79E-BC209FF39420}.Debug|Any CPU.ActiveCfg = Debug|Any CPU
		{80D206BF-F357-3716-E79E-BC209FF39420}.Debug|Any CPU.Build.0 = Debug|Any CPU
		{80D206BF-F357-3716-E79E-BC209FF39420}.Release|Any CPU.ActiveCfg = Release|Any CPU
		{80D206BF-F357-3716-E79E-BC209FF39420}.Release|Any CPU.Build.0 = Release|Any CPU
	EndGlobalSection
	GlobalSection(SolutionProperties) = preSolution
		HideSolutionNode = FALSE
	EndGlobalSection
EndGlobal
